{
  "nodes": {
    "home-manager": {
      "inputs": {
        "nixpkgs": [
          "nixpkgs"
        ]
      },
      "locked": {
        "lastModified": 1773681845,
        "narHash": "sha256-o8hrZrigP0JYcwnglCp8Zi8jQafWsxbDtRRPzuVwFxY=",
        "rev": "0759e0e137305bc9d0c52c204c6d8dffe6f601a6",
        "revCount": 5869,
        "type": "tarball",
        "url": "https://api.flakehub.com/f/pinned/nix-community/home-manager/0.2511.5869%2Brev-0759e0e137305bc9d0c52c204c6d8dffe6f601a6/019cf7ae-7127-7ffa-b112-856e42d0edbe/source.tar.gz"
      },
      "original": {
        "type": "tarball",
        "url": "https://flakehub.com/f/nix-community/home-manager/%2A"
      }
    },
    "nix-darwin": {
      "inputs": {
        "nixpkgs": [
          "nixpkgs"
        ]
      },
      "locked": {
        "lastModified": 1772129556,
        "narHash": "sha256-Utk0zd8STPsUJPyjabhzPc5BpPodLTXrwkpXBHYnpeg=",
        "rev": "ebec37af18215214173c98cf6356d0aca24a2585",
        "revCount": 2293,
        "type": "tarball",
        "url": "https://api.flakehub.com/f/pinned/nix-darwin/nix-darwin/0.2511.2293%2Brev-ebec37af18215214173c98cf6356d0aca24a2585/019c9b29-24a7-7bb8-a961-4fc176ed0edd/source.tar.gz"
      },
      "original": {
        "type": "tarball",
        "url": "https://flakehub.com/f/nix-darwin/nix-darwin/0"
      }
    },
    "nixpkgs": {
      "locked": {
        "lastModified": 1773814637,
        "narHash": "sha256-GNU+ooRmrHLfjlMsKdn0prEKVa0faVanm0jrgu1J/gY=",
        "rev": "fea3b367d61c1a6592bc47c72f40a9f3e6a53e96",
        "revCount": 909593,
        "type": "tarball",
        "url": "https://api.flakehub.com/f/pinned/NixOS/nixpkgs/0.2511.909593%2Brev-fea3b367d61c1a6592bc47c72f40a9f3e6a53e96/019d0213-c6be-7375-97cd-d8fa200fb1ac/source.tar.gz"
      },
      "original": {
        "type": "tarball",
        "url": "https://flakehub.com/f/NixOS/nixpkgs/0"
      }
    },
    "npmpkgs": {
      "inputs": {
        "nixpkgs": [
          "nixpkgs"
        ]
      },
      "locked": {
        "lastModified": 1772548164,
        "narHash": "sha256-GMNBid1akdJTm0l66rdh59Fr2z4H2L2U+0lj0rjYTHQ=",
        "rev": "8af6a1a4b0c49f219a412f6e0fdb4b1a95c6a77b",
        "revCount": 9,
        "type": "tarball",
        "url": "https://api.flakehub.com/f/pinned/totto2727-dotfiles/npm-packages/0.1.9%2Brev-8af6a1a4b0c49f219a412f6e0fdb4b1a95c6a77b/019cb41c-4e7b-7e3c-857f-3a9fbcaba662/source.tar.gz"
      },
      "original": {
        "type": "tarball",
        "url": "https://flakehub.com/f/totto2727-dotfiles/npm-packages/%2A"
      }
    },
    "root": {
      "inputs": {
        "home-manager": "home-manager",
        "nix-darwin": "nix-darwin",
        "nixpkgs": "nixpkgs",
        "npmpkgs": "npmpkgs"
      }
    }
  },
  "root": "root",
  "version": 7
}
