{
  "nodes": {
    "home-manager": {
      "inputs": {
        "nixpkgs": [
          "nixpkgs"
        ]
      },
      "locked": {
        "lastModified": 1770260404,
        "narHash": "sha256-3iVX1+7YUIt23hBx1WZsUllhbmP2EnXrV8tCRbLxHc8=",
        "rev": "0d782ee42c86b196acff08acfbf41bb7d13eed5b",
        "revCount": 5858,
        "type": "tarball",
        "url": "https://api.flakehub.com/f/pinned/nix-community/home-manager/0.2511.5858%2Brev-0d782ee42c86b196acff08acfbf41bb7d13eed5b/019c2bbe-fad2-7b9f-9842-49f15da2e77b/source.tar.gz"
      },
      "original": {
        "type": "tarball",
        "url": "https://flakehub.com/f/nix-community/home-manager/%2A"
      }
    },
    "nix-darwin": {
      "inputs": {
        "nixpkgs": [
          "nixpkgs"
        ]
      },
      "locked": {
        "lastModified": 1767634391,
        "narHash": "sha256-owcSz2ICqTSvhBbhPP+1eWzi88e54rRZtfCNE5E/wwg=",
        "rev": "08585aacc3d6d6c280a02da195fdbd4b9cf083c2",
        "revCount": 2291,
        "type": "tarball",
        "url": "https://api.flakehub.com/f/pinned/nix-darwin/nix-darwin/0.2511.2291%2Brev-08585aacc3d6d6c280a02da195fdbd4b9cf083c2/019b8f3b-1aad-7a2a-a9a5-88d047da3691/source.tar.gz"
      },
      "original": {
        "type": "tarball",
        "url": "https://flakehub.com/f/nix-darwin/nix-darwin/0"
      }
    },
    "nixpkgs": {
      "locked": {
        "lastModified": 1770464364,
        "narHash": "sha256-z5NJPSBwsLf/OfD8WTmh79tlSU8XgIbwmk6qB1/TFzY=",
        "rev": "23d72dabcb3b12469f57b37170fcbc1789bd7457",
        "revCount": 907408,
        "type": "tarball",
        "url": "https://api.flakehub.com/f/pinned/NixOS/nixpkgs/0.2511.907408%2Brev-23d72dabcb3b12469f57b37170fcbc1789bd7457/019c3bd0-8a76-71e4-8c0e-ad25a770ebdf/source.tar.gz"
      },
      "original": {
        "type": "tarball",
        "url": "https://flakehub.com/f/NixOS/nixpkgs/0"
      }
    },
    "npmpkgs": {
      "inputs": {
        "nixpkgs": [
          "nixpkgs"
        ]
      },
      "locked": {
        "lastModified": 1741180162,
        "narHash": "sha256-4rlTM1eFDuR8Hz9WDEZSa3AsQaiSD2QtDCjYOjKi/ow=",
        "owner": "netbrain",
        "repo": "npm-package",
        "rev": "1497926028ff0a253e4308459711f41a560a5272",
        "type": "github"
      },
      "original": {
        "owner": "netbrain",
        "repo": "npm-package",
        "type": "github"
      }
    },
    "root": {
      "inputs": {
        "home-manager": "home-manager",
        "nix-darwin": "nix-darwin",
        "nixpkgs": "nixpkgs",
        "npmpkgs": "npmpkgs"
      }
    }
  },
  "root": "root",
  "version": 7
}
