{
  "nodes": {
    "home-manager": {
      "inputs": {
        "nixpkgs": [
          "nixpkgs"
        ]
      },
      "locked": {
        "lastModified": 1770260404,
        "narHash": "sha256-3iVX1+7YUIt23hBx1WZsUllhbmP2EnXrV8tCRbLxHc8=",
        "rev": "0d782ee42c86b196acff08acfbf41bb7d13eed5b",
        "revCount": 5858,
        "type": "tarball",
        "url": "https://api.flakehub.com/f/pinned/nix-community/home-manager/0.2511.5858%2Brev-0d782ee42c86b196acff08acfbf41bb7d13eed5b/019c2bbe-fad2-7b9f-9842-49f15da2e77b/source.tar.gz"
      },
      "original": {
        "type": "tarball",
        "url": "https://flakehub.com/f/nix-community/home-manager/%2A"
      }
    },
    "nix-darwin": {
      "inputs": {
        "nixpkgs": [
          "nixpkgs"
        ]
      },
      "locked": {
        "lastModified": 1767634391,
        "narHash": "sha256-owcSz2ICqTSvhBbhPP+1eWzi88e54rRZtfCNE5E/wwg=",
        "rev": "08585aacc3d6d6c280a02da195fdbd4b9cf083c2",
        "revCount": 2291,
        "type": "tarball",
        "url": "https://api.flakehub.com/f/pinned/nix-darwin/nix-darwin/0.2511.2291%2Brev-08585aacc3d6d6c280a02da195fdbd4b9cf083c2/019b8f3b-1aad-7a2a-a9a5-88d047da3691/source.tar.gz"
      },
      "original": {
        "type": "tarball",
        "url": "https://flakehub.com/f/nix-darwin/nix-darwin/0"
      }
    },
    "nixpkgs": {
      "locked": {
        "lastModified": 1771419570,
        "narHash": "sha256-bxAlQgre3pcQcaRUm/8A0v/X8d2nhfraWSFqVmMcBcU=",
        "rev": "6d41bc27aaf7b6a3ba6b169db3bd5d6159cfaa47",
        "revCount": 908047,
        "type": "tarball",
        "url": "https://api.flakehub.com/f/pinned/NixOS/nixpkgs/0.2511.908047%2Brev-6d41bc27aaf7b6a3ba6b169db3bd5d6159cfaa47/019c7706-83d4-7e6c-9ef2-85b020071174/source.tar.gz"
      },
      "original": {
        "type": "tarball",
        "url": "https://flakehub.com/f/NixOS/nixpkgs/0"
      }
    },
    "npmpkgs": {
      "inputs": {
        "nixpkgs": [
          "nixpkgs"
        ]
      },
      "locked": {
        "lastModified": 1771597216,
        "narHash": "sha256-qEtqEEUF6sTjNANL6HKy0QtRpy/bS+HXNvqkjAtBJcs=",
        "rev": "47da50e2ab40b260531aa2ec4778e1b4f92c558e",
        "revCount": 8,
        "type": "tarball",
        "url": "https://api.flakehub.com/f/pinned/totto2727-dotfiles/npm-packages/0.1.8%2Brev-47da50e2ab40b260531aa2ec4778e1b4f92c558e/019c7b72-9be5-7d16-8158-a22415d1c4ce/source.tar.gz"
      },
      "original": {
        "type": "tarball",
        "url": "https://flakehub.com/f/totto2727-dotfiles/npm-packages/0.1.8"
      }
    },
    "root": {
      "inputs": {
        "home-manager": "home-manager",
        "nix-darwin": "nix-darwin",
        "nixpkgs": "nixpkgs",
        "npmpkgs": "npmpkgs"
      }
    }
  },
  "root": "root",
  "version": 7
}
